
Microsoft Visual Studio Solution File, Format Version 12.00
# Visual Studio Version 16
VisualStudioVersion = 16.0.30225.117
MinimumVisualStudioVersion = 10.0.40219.1
Project("{8BC9CEB8-8B4A-11D0-8D11-00A0C91BC942}") = "WebRequest", "WebRequest.vcxproj", "{AE768816-F923-46A3-B548-2FABBC793472}"
EndProject
Global
	GlobalSection(SolutionConfigurationPlatforms) = preSolution
		Debug|x64 = Debug|x64
		Debug|x86 = Debug|x86
		Release|x64 = Release|x64
		Release|x86 = Release|x86
	EndGlobalSection
	GlobalSection(ProjectConfigurationPlatforms) = postSolution
		{AE768816-F923-46A3-B548-2FABBC793472}.Debug|x64.ActiveCfg = Debug|x64
		{AE768816-F923-46A3-B548-2FABBC793472}.Debug|x64.Build.0 = Debug|x64
		{AE768816-F923-46A3-B548-2FABBC793472}.Debug|x86.ActiveCfg = Debug|Win32
		{AE768816-F923-46A3-B548-2FABBC793472}.Debug|x86.Build.0 = Debug|Win32
		{AE768816-F923-46A3-B548-2FABBC793472}.Release|x64.ActiveCfg = Release|x64
		{AE768816-F923-46A3-B548-2FABBC793472}.Release|x64.Build.0 = Release|x64
		{AE768816-F923-46A3-B548-2FABBC793472}.Release|x86.ActiveCfg = Release|Win32
		{AE768816-F923-46A3-B548-2FABBC793472}.Release|x86.Build.0 = Release|Win32
	EndGlobalSection
	GlobalSection(SolutionProperties) = preSolution
		HideSolutionNode = FALSE
	EndGlobalSection
	GlobalSection(ExtensibilityGlobals) = postSolution
		SolutionGuid = {6A20C13F-DC40-42BB-BB1F-1DEEE0D32C1B}
	EndGlobalSection
EndGlobal
