
Microsoft Visual Studio Solution File, Format Version 12.00
# Visual Studio Version 16
VisualStudioVersion = 16.0.30225.117
MinimumVisualStudioVersion = 10.0.40219.1
Project("{8BC9CEB8-8B4A-11D0-8D11-00A0C91BC942}") = "Project", "Project.vcxproj", "{0879F828-F8D9-4698-B411-05FD27AF4C8F}"
	ProjectSection(ProjectDependencies) = postProject
		{CAC19F5E-2D10-473A-8C9D-C41A3FB3136A} = {CAC19F5E-2D10-473A-8C9D-C41A3FB3136A}
	EndProjectSection
EndProject
Project("{8BC9CEB8-8B4A-11D0-8D11-00A0C91BC942}") = "CppCurl", "..\module\cppcurl\CppCurl.vcxproj", "{CAC19F5E-2D10-473A-8C9D-C41A3FB3136A}"
EndProject
Project("{8BC9CEB8-8B4A-11D0-8D11-00A0C91BC942}") = "JsonParserTest", "..\module\JsonParser\JsonParser.vcxproj", "{5E255C80-B573-44E1-A1EB-D98531C2526E}"
	ProjectSection(ProjectDependencies) = postProject
		{CAC19F5E-2D10-473A-8C9D-C41A3FB3136A} = {CAC19F5E-2D10-473A-8C9D-C41A3FB3136A}
	EndProjectSection
EndProject
Project("{8BC9CEB8-8B4A-11D0-8D11-00A0C91BC942}") = "CppCurlTest", "..\module\CppCurlTest\CppCurlTest.vcxproj", "{CDFDFCBE-93F4-459D-9D89-1444044211AC}"
	ProjectSection(ProjectDependencies) = postProject
		{CAC19F5E-2D10-473A-8C9D-C41A3FB3136A} = {CAC19F5E-2D10-473A-8C9D-C41A3FB3136A}
	EndProjectSection
EndProject
Global
	GlobalSection(SolutionConfigurationPlatforms) = preSolution
		Debug|x64 = Debug|x64
		Debug|x86 = Debug|x86
		Release|x64 = Release|x64
		Release|x86 = Release|x86
	EndGlobalSection
	GlobalSection(ProjectConfigurationPlatforms) = postSolution
		{0879F828-F8D9-4698-B411-05FD27AF4C8F}.Debug|x64.ActiveCfg = Debug|x64
		{0879F828-F8D9-4698-B411-05FD27AF4C8F}.Debug|x64.Build.0 = Debug|x64
		{0879F828-F8D9-4698-B411-05FD27AF4C8F}.Debug|x86.ActiveCfg = Debug|x64
		{0879F828-F8D9-4698-B411-05FD27AF4C8F}.Release|x64.ActiveCfg = Release|x64
		{0879F828-F8D9-4698-B411-05FD27AF4C8F}.Release|x64.Build.0 = Release|x64
		{0879F828-F8D9-4698-B411-05FD27AF4C8F}.Release|x86.ActiveCfg = Release|x64
		{CAC19F5E-2D10-473A-8C9D-C41A3FB3136A}.Debug|x64.ActiveCfg = Debug|x64
		{CAC19F5E-2D10-473A-8C9D-C41A3FB3136A}.Debug|x64.Build.0 = Debug|x64
		{CAC19F5E-2D10-473A-8C9D-C41A3FB3136A}.Debug|x86.ActiveCfg = Debug|Win32
		{CAC19F5E-2D10-473A-8C9D-C41A3FB3136A}.Debug|x86.Build.0 = Debug|Win32
		{CAC19F5E-2D10-473A-8C9D-C41A3FB3136A}.Release|x64.ActiveCfg = Release|x64
		{CAC19F5E-2D10-473A-8C9D-C41A3FB3136A}.Release|x64.Build.0 = Release|x64
		{CAC19F5E-2D10-473A-8C9D-C41A3FB3136A}.Release|x86.ActiveCfg = Release|Win32
		{CAC19F5E-2D10-473A-8C9D-C41A3FB3136A}.Release|x86.Build.0 = Release|Win32
		{5E255C80-B573-44E1-A1EB-D98531C2526E}.Debug|x64.ActiveCfg = Debug|x64
		{5E255C80-B573-44E1-A1EB-D98531C2526E}.Debug|x64.Build.0 = Debug|x64
		{5E255C80-B573-44E1-A1EB-D98531C2526E}.Debug|x86.ActiveCfg = Debug|Win32
		{5E255C80-B573-44E1-A1EB-D98531C2526E}.Debug|x86.Build.0 = Debug|Win32
		{5E255C80-B573-44E1-A1EB-D98531C2526E}.Release|x64.ActiveCfg = Release|x64
		{5E255C80-B573-44E1-A1EB-D98531C2526E}.Release|x64.Build.0 = Release|x64
		{5E255C80-B573-44E1-A1EB-D98531C2526E}.Release|x86.ActiveCfg = Release|Win32
		{5E255C80-B573-44E1-A1EB-D98531C2526E}.Release|x86.Build.0 = Release|Win32
		{CDFDFCBE-93F4-459D-9D89-1444044211AC}.Debug|x64.ActiveCfg = Debug|x64
		{CDFDFCBE-93F4-459D-9D89-1444044211AC}.Debug|x64.Build.0 = Debug|x64
		{CDFDFCBE-93F4-459D-9D89-1444044211AC}.Debug|x86.ActiveCfg = Debug|Win32
		{CDFDFCBE-93F4-459D-9D89-1444044211AC}.Debug|x86.Build.0 = Debug|Win32
		{CDFDFCBE-93F4-459D-9D89-1444044211AC}.Release|x64.ActiveCfg = Release|x64
		{CDFDFCBE-93F4-459D-9D89-1444044211AC}.Release|x64.Build.0 = Release|x64
		{CDFDFCBE-93F4-459D-9D89-1444044211AC}.Release|x86.ActiveCfg = Release|Win32
		{CDFDFCBE-93F4-459D-9D89-1444044211AC}.Release|x86.Build.0 = Release|Win32
	EndGlobalSection
	GlobalSection(SolutionProperties) = preSolution
		HideSolutionNode = FALSE
	EndGlobalSection
	GlobalSection(ExtensibilityGlobals) = postSolution
		Qt5Version = msvc2019_64
		SolutionGuid = {BA313EF4-04B9-48ED-88B8-AE67DD920620}
	EndGlobalSection
EndGlobal
