<?xml version="1.0" encoding="utf-8"?>
<Project ToolsVersion="4.0" xmlns="http://schemas.microsoft.com/developer/msbuild/2003">
  <ItemGroup>
    <Filter Include="Source Files">
      <UniqueIdentifier>{4FC737F1-C7A5-4376-A066-2A32D752A2FF}</UniqueIdentifier>
      <Extensions>cpp;c;cc;cxx;def;odl;idl;hpj;bat;asm;asmx</Extensions>
    </Filter>
    <Filter Include="Header Files">
      <UniqueIdentifier>{93995380-89BD-4b04-88EB-625FBE52EBFB}</UniqueIdentifier>
      <Extensions>h;hh;hpp;hxx;hm;inl;inc;xsd</Extensions>
    </Filter>
    <Filter Include="Resource Files">
      <UniqueIdentifier>{67DA6AB6-F800-4c08-8B7A-83BB121AAD01}</UniqueIdentifier>
      <Extensions>rc;ico;cur;bmp;dlg;rc2;rct;bin;rgs;gif;jpg;jpeg;jpe;resx;tiff;tif;png;wav;mfcribbon-ms</Extensions>
    </Filter>
    <Filter Include="Form Files">
      <UniqueIdentifier>{99349809-55BA-4b9d-BF79-8FDBB0286EB3}</UniqueIdentifier>
      <Extensions>ui</Extensions>
    </Filter>
    <Filter Include="Resource Files">
      <UniqueIdentifier>{D9D6E242-F8AF-46E4-B9FD-80ECBC20BA3E}</UniqueIdentifier>
      <Extensions>qrc;*</Extensions>
      <ParseFiles>false</ParseFiles>
    </Filter>
    <Filter Include="Header Files\app">
      <UniqueIdentifier>{2f978e3e-7919-48c7-9948-3ea11afab681}</UniqueIdentifier>
    </Filter>
    <Filter Include="Header Files\model">
      <UniqueIdentifier>{b2ca616d-70af-42ed-803b-dd9ee034be76}</UniqueIdentifier>
    </Filter>
    <Filter Include="Header Files\view">
      <UniqueIdentifier>{c0231683-d851-48fd-ab9e-ad1ddd9ae57d}</UniqueIdentifier>
    </Filter>
    <Filter Include="Header Files\viewmodel">
      <UniqueIdentifier>{2621fdc1-c33a-471d-a778-b0d5e3bc9cb6}</UniqueIdentifier>
    </Filter>
    <Filter Include="Source Files\app">
      <UniqueIdentifier>{2e6d7833-d806-4680-b919-28f7d5ae28ef}</UniqueIdentifier>
    </Filter>
    <Filter Include="Source Files\model">
      <UniqueIdentifier>{fd6ead03-dcb9-4708-8313-13fbc7b8956d}</UniqueIdentifier>
    </Filter>
    <Filter Include="Source Files\view">
      <UniqueIdentifier>{b9be1fb6-867e-48b9-9276-804693631fc3}</UniqueIdentifier>
    </Filter>
    <Filter Include="Source Files\viewmodel">
      <UniqueIdentifier>{ff56769a-d913-47db-8114-e6f79ea51d1e}</UniqueIdentifier>
    </Filter>
    <Filter Include="Header Files\common">
      <UniqueIdentifier>{35b2f2ce-5495-4a2c-a7b9-33d7fc1353b8}</UniqueIdentifier>
    </Filter>
    <Filter Include="Source Files\common">
      <UniqueIdentifier>{c98d239a-792e-44e7-9d05-f94eb60cce39}</UniqueIdentifier>
    </Filter>
    <Filter Include="Source Files\module">
      <UniqueIdentifier>{38344001-0573-45ec-8c7d-9305fe7a925d}</UniqueIdentifier>
    </Filter>
    <Filter Include="Source Files\module\JsonParser">
      <UniqueIdentifier>{6a7d2154-cd30-4187-8464-a71f6c0ff866}</UniqueIdentifier>
    </Filter>
    <Filter Include="Header Files\module">
      <UniqueIdentifier>{f112a40b-78cc-48ed-bc8f-5c34f9925ab8}</UniqueIdentifier>
    </Filter>
    <Filter Include="Header Files\module\JsonParser">
      <UniqueIdentifier>{830ed893-ebc3-45cc-9bf5-a4331991a7d9}</UniqueIdentifier>
    </Filter>
    <Filter Include="Header Files\module\XMLParser">
      <UniqueIdentifier>{d84cdf97-7547-4f66-a79e-76432bc78049}</UniqueIdentifier>
    </Filter>
    <Filter Include="Source Files\module\XMLParser">
      <UniqueIdentifier>{d9d0aa85-769f-4c10-acd9-dbef0990b0d6}</UniqueIdentifier>
    </Filter>
  </ItemGroup>
  <ItemGroup>
    <ClInclude Include="..\app\app.h">
      <Filter>Header Files\app</Filter>
    </ClInclude>
    <ClInclude Include="..\model\model.h">
      <Filter>Header Files\model</Filter>
    </ClInclude>
    <ClInclude Include="..\viewmodel\viewmodel.h">
      <Filter>Header Files\viewmodel</Filter>
    </ClInclude>
    <ClInclude Include="..\common\common.h">
      <Filter>Header Files\common</Filter>
    </ClInclude>
    <ClInclude Include="..\common\def.h">
      <Filter>Header Files\common</Filter>
    </ClInclude>
    <ClInclude Include="..\common\notifiable.h">
      <Filter>Header Files\common</Filter>
    </ClInclude>
    <ClInclude Include="..\module\JsonParser\JsonParser.h">
      <Filter>Header Files\module\JsonParser</Filter>
    </ClInclude>
    <ClInclude Include="..\module\XMLparser\XMLparser.h">
      <Filter>Header Files\module\XMLParser</Filter>
    </ClInclude>
    <ClInclude Include="..\view\stylesheet.h">
      <Filter>Header Files\view</Filter>
    </ClInclude>
    <ClInclude Include="..\module\HelpManual.h">
      <Filter>Header Files\module</Filter>
    </ClInclude>
  </ItemGroup>
  <ItemGroup>
    <ClCompile Include="..\app\app.cpp">
      <Filter>Source Files\app</Filter>
    </ClCompile>
    <ClCompile Include="..\model\model.cpp">
      <Filter>Source Files\model</Filter>
    </ClCompile>
    <ClCompile Include="..\view\view.cpp">
      <Filter>Source Files\view</Filter>
    </ClCompile>
    <ClCompile Include="..\viewmodel\viewmodel.cpp">
      <Filter>Source Files\viewmodel</Filter>
    </ClCompile>
    <ClCompile Include="..\main.cpp">
      <Filter>Source Files</Filter>
    </ClCompile>
    <ClCompile Include="..\common\common.cpp">
      <Filter>Source Files\common</Filter>
    </ClCompile>
    <ClCompile Include="..\common\notifiable.cpp">
      <Filter>Source Files\common</Filter>
    </ClCompile>
    <ClCompile Include="..\module\JsonParser\JsonParser.cpp">
      <Filter>Source Files\module\JsonParser</Filter>
    </ClCompile>
    <ClCompile Include="..\module\XMLparser\XMLparser.cpp">
      <Filter>Source Files\module\XMLParser</Filter>
    </ClCompile>
    <ClCompile Include="..\view\engineselection.cpp">
      <Filter>Source Files\view</Filter>
    </ClCompile>
    <ClCompile Include="..\view\stylesheet.cpp">
      <Filter>Source Files\view</Filter>
    </ClCompile>
    <ClCompile Include="..\view\viewCalculate.cpp">
      <Filter>Source Files\view</Filter>
    </ClCompile>
    <ClCompile Include="..\module\HelpManual.cpp">
      <Filter>Source Files\module</Filter>
    </ClCompile>
  </ItemGroup>
  <ItemGroup>
    <QtMoc Include="..\view\view.h">
      <Filter>Header Files\view</Filter>
    </QtMoc>
    <QtMoc Include="..\view\engineselection.h">
      <Filter>Header Files\view</Filter>
    </QtMoc>
    <QtMoc Include="..\view\viewCalculate.h">
      <Filter>Header Files\view</Filter>
    </QtMoc>
  </ItemGroup>
  <ItemGroup>
    <QtUic Include="..\view\view.ui">
      <Filter>Form Files</Filter>
    </QtUic>
    <QtUic Include="..\view\engineselection.ui">
      <Filter>Form Files</Filter>
    </QtUic>
    <QtUic Include="..\view\viewCalculate.ui">
      <Filter>Form Files</Filter>
    </QtUic>
  </ItemGroup>
</Project>